
Microsoft Visual Studio Solution File, Format Version 12.00
# Visual Studio Version 17
VisualStudioVersion = 17.11.35312.102
MinimumVisualStudioVersion = 10.0.40219.1
Project("{FAE04EC0-301F-11D3-BF4B-00C04F79EFBC}") = "laba29", "laba29\laba29.csproj", "{0FF129C3-926D-4CE8-83A2-A80CF7D53B3E}"
EndProject
Global
	GlobalSection(SolutionConfigurationPlatforms) = preSolution
		Debug|Any CPU = Debug|Any CPU
		Release|Any CPU = Release|Any CPU
	EndGlobalSection
	GlobalSection(ProjectConfigurationPlatforms) = postSolution
		{0FF129C3-926D-4CE8-83A2-A80CF7D53B3E}.Debug|Any CPU.ActiveCfg = Debug|Any CPU
		{0FF129C3-926D-4CE8-83A2-A80CF7D53B3E}.Debug|Any CPU.Build.0 = Debug|Any CPU
		{0FF129C3-926D-4CE8-83A2-A80CF7D53B3E}.Release|Any CPU.ActiveCfg = Release|Any CPU
		{0FF129C3-926D-4CE8-83A2-A80CF7D53B3E}.Release|Any CPU.Build.0 = Release|Any CPU
	EndGlobalSection
	GlobalSection(SolutionProperties) = preSolution
		HideSolutionNode = FALSE
	EndGlobalSection
	GlobalSection(ExtensibilityGlobals) = postSolution
		SolutionGuid = {17EB9545-AA34-4FE7-BB9D-F48BD5DD55B5}
	EndGlobalSection
EndGlobal
